
Microsoft Visual Studio Solution File, Format Version 12.00
# Visual Studio Version 17
VisualStudioVersion = 17.4.33213.308
MinimumVisualStudioVersion = 10.0.40219.1
Project("{FAE04EC0-301F-11D3-BF4B-00C04F79EFBC}") = "ChallengeApp", "ChallengeApp\ChallengeApp.csproj", "{DBBD86C9-DB8A-4937-90A9-3D88D4CA4115}"
EndProject
Global
	GlobalSection(SolutionConfigurationPlatforms) = preSolution
		Debug|Any CPU = Debug|Any CPU
		Release|Any CPU = Release|Any CPU
	EndGlobalSection
	GlobalSection(ProjectConfigurationPlatforms) = postSolution
		{DBBD86C9-DB8A-4937-90A9-3D88D4CA4115}.Debug|Any CPU.ActiveCfg = Debug|Any CPU
		{DBBD86C9-DB8A-4937-90A9-3D88D4CA4115}.Debug|Any CPU.Build.0 = Debug|Any CPU
		{DBBD86C9-DB8A-4937-90A9-3D88D4CA4115}.Release|Any CPU.ActiveCfg = Release|Any CPU
		{DBBD86C9-DB8A-4937-90A9-3D88D4CA4115}.Release|Any CPU.Build.0 = Release|Any CPU
	EndGlobalSection
	GlobalSection(SolutionProperties) = preSolution
		HideSolutionNode = FALSE
	EndGlobalSection
	GlobalSection(ExtensibilityGlobals) = postSolution
		SolutionGuid = {F173C4B9-6077-47C0-9EF3-46D04077A47A}
	EndGlobalSection
EndGlobal
